// !$*UTF8*$!
{
	archiveVersion = 1;
	classes = {
	};
	objectVersion = 46;
	objects = {

/* Begin PBXBuildFile section */
		A19EC8311E9347D50076DE68 /* AppDelegate.swift in Sources */ = {isa = PBXBuildFile; fileRef = A19EC8301E9347D50076DE68 /* AppDelegate.swift */; };
		A19EC8331E9347D50076DE68 /* ViewController.swift in Sources */ = {isa = PBXBuildFile; fileRef = A19EC8321E9347D50076DE68 /* ViewController.swift */; };
		A19EC8361E9347D50076DE68 /* Main.storyboard in Resources */ = {isa = PBXBuildFile; fileRef = A19EC8341E9347D50076DE68 /* Main.storyboard */; };
		A19EC8381E9347D50076DE68 /* Assets.xcassets in Resources */ = {isa = PBXBuildFile; fileRef = A19EC8371E9347D50076DE68 /* Assets.xcassets */; };
		A19EC83B1E9347D50076DE68 /* LaunchScreen.storyboard in Resources */ = {isa = PBXBuildFile; fileRef = A19EC8391E9347D50076DE68 /* LaunchScreen.storyboard */; };
		A19EC8441E9347ED0076DE68 /* Configurator.swift in Sources */ = {isa = PBXBuildFile; fileRef = A19EC8431E9347ED0076DE68 /* Configurator.swift */; };
		A19EC8461E934C4E0076DE68 /* SampleInteractor.swift in Sources */ = {isa = PBXBuildFile; fileRef = A19EC8451E934C4E0076DE68 /* SampleInteractor.swift */; };
		A19EC8491E9359330076DE68 /* Configurations.swift in Sources */ = {isa = PBXBuildFile; fileRef = A19EC8481E9359330076DE68 /* Configurations.swift */; };
/* End PBXBuildFile section */

/* Begin PBXFileReference section */
		A19EC82D1E9347D50076DE68 /* DISample.app */ = {isa = PBXFileReference; explicitFileType = wrapper.application; includeInIndex = 0; path = DISample.app; sourceTree = BUILT_PRODUCTS_DIR; };
		A19EC8301E9347D50076DE68 /* AppDelegate.swift */ = {isa = PBXFileReference; lastKnownFileType = sourcecode.swift; path = AppDelegate.swift; sourceTree = "<group>"; };
		A19EC8321E9347D50076DE68 /* ViewController.swift */ = {isa = PBXFileReference; lastKnownFileType = sourcecode.swift; path = ViewController.swift; sourceTree = "<group>"; };
		A19EC8351E9347D50076DE68 /* Base */ = {isa = PBXFileReference; lastKnownFileType = file.storyboard; name = Base; path = Base.lproj/Main.storyboard; sourceTree = "<group>"; };
		A19EC8371E9347D50076DE68 /* Assets.xcassets */ = {isa = PBXFileReference; lastKnownFileType = folder.assetcatalog; path = Assets.xcassets; sourceTree = "<group>"; };
		A19EC83A1E9347D50076DE68 /* Base */ = {isa = PBXFileReference; lastKnownFileType = file.storyboard; name = Base; path = Base.lproj/LaunchScreen.storyboard; sourceTree = "<group>"; };
		A19EC83C1E9347D50076DE68 /* Info.plist */ = {isa = PBXFileReference; lastKnownFileType = text.plist.xml; path = Info.plist; sourceTree = "<group>"; };
		A19EC8431E9347ED0076DE68 /* Configurator.swift */ = {isa = PBXFileReference; fileEncoding = 4; lastKnownFileType = sourcecode.swift; path = Configurator.swift; sourceTree = "<group>"; };
		A19EC8451E934C4E0076DE68 /* SampleInteractor.swift */ = {isa = PBXFileReference; fileEncoding = 4; lastKnownFileType = sourcecode.swift; path = SampleInteractor.swift; sourceTree = "<group>"; };
		A19EC8481E9359330076DE68 /* Configurations.swift */ = {isa = PBXFileReference; fileEncoding = 4; lastKnownFileType = sourcecode.swift; path = Configurations.swift; sourceTree = "<group>"; };
/* End PBXFileReference section */

/* Begin PBXFrameworksBuildPhase section */
		A19EC82A1E9347D50076DE68 /* Frameworks */ = {
			isa = PBXFrameworksBuildPhase;
			buildActionMask = 2147483647;
			files = (
			);
			runOnlyForDeploymentPostprocessing = 0;
		};
/* End PBXFrameworksBuildPhase section */

/* Begin PBXGroup section */
		A19EC8241E9347D50076DE68 = {
			isa = PBXGroup;
			children = (
				A19EC82F1E9347D50076DE68 /* DISample */,
				A19EC82E1E9347D50076DE68 /* Products */,
			);
			sourceTree = "<group>";
		};
		A19EC82E1E9347D50076DE68 /* Products */ = {
			isa = PBXGroup;
			children = (
				A19EC82D1E9347D50076DE68 /* DISample.app */,
			);
			name = Products;
			sourceTree = "<group>";
		};
		A19EC82F1E9347D50076DE68 /* DISample */ = {
			isa = PBXGroup;
			children = (
				A19EC8471E9359240076DE68 /* Global */,
				A19EC8421E9347DD0076DE68 /* DI */,
				A19EC8301E9347D50076DE68 /* AppDelegate.swift */,
				A19EC8321E9347D50076DE68 /* ViewController.swift */,
				A19EC8451E934C4E0076DE68 /* SampleInteractor.swift */,
				A19EC8341E9347D50076DE68 /* Main.storyboard */,
				A19EC8371E9347D50076DE68 /* Assets.xcassets */,
				A19EC8391E9347D50076DE68 /* LaunchScreen.storyboard */,
				A19EC83C1E9347D50076DE68 /* Info.plist */,
			);
			path = DISample;
			sourceTree = "<group>";
		};
		A19EC8421E9347DD0076DE68 /* DI */ = {
			isa = PBXGroup;
			children = (
				A19EC8431E9347ED0076DE68 /* Configurator.swift */,
			);
			name = DI;
			sourceTree = "<group>";
		};
		A19EC8471E9359240076DE68 /* Global */ = {
			isa = PBXGroup;
			children = (
				A19EC8481E9359330076DE68 /* Configurations.swift */,
			);
			name = Global;
			sourceTree = "<group>";
		};
/* End PBXGroup section */

/* Begin PBXNativeTarget section */
		A19EC82C1E9347D50076DE68 /* DISample */ = {
			isa = PBXNativeTarget;
			buildConfigurationList = A19EC83F1E9347D50076DE68 /* Build configuration list for PBXNativeTarget "DISample" */;
			buildPhases = (
				A19EC8291E9347D50076DE68 /* Sources */,
				A19EC82A1E9347D50076DE68 /* Frameworks */,
				A19EC82B1E9347D50076DE68 /* Resources */,
			);
			buildRules = (
			);
			dependencies = (
			);
			name = DISample;
			productName = DISample;
			productReference = A19EC82D1E9347D50076DE68 /* DISample.app */;
			productType = "com.apple.product-type.application";
		};
/* End PBXNativeTarget section */

/* Begin PBXProject section */
		A19EC8251E9347D50076DE68 /* Project object */ = {
			isa = PBXProject;
			attributes = {
				LastSwiftUpdateCheck = 0830;
				LastUpgradeCheck = 0830;
				ORGANIZATIONNAME = makecube;
				TargetAttributes = {
					A19EC82C1E9347D50076DE68 = {
						CreatedOnToolsVersion = 8.3;
						DevelopmentTeam = 77YZ9248DM;
						ProvisioningStyle = Automatic;
					};
				};
			};
			buildConfigurationList = A19EC8281E9347D50076DE68 /* Build configuration list for PBXProject "DISample" */;
			compatibilityVersion = "Xcode 3.2";
			developmentRegion = English;
			hasScannedForEncodings = 0;
			knownRegions = (
				en,
				Base,
			);
			mainGroup = A19EC8241E9347D50076DE68;
			productRefGroup = A19EC82E1E9347D50076DE68 /* Products */;
			projectDirPath = "";
			projectRoot = "";
			targets = (
				A19EC82C1E9347D50076DE68 /* DISample */,
			);
		};
/* End PBXProject section */

/* Begin PBXResourcesBuildPhase section */
		A19EC82B1E9347D50076DE68 /* Resources */ = {
			isa = PBXResourcesBuildPhase;
			buildActionMask = 2147483647;
			files = (
				A19EC83B1E9347D50076DE68 /* LaunchScreen.storyboard in Resources */,
				A19EC8381E9347D50076DE68 /* Assets.xcassets in Resources */,
				A19EC8361E9347D50076DE68 /* Main.storyboard in Resources */,
			);
			runOnlyForDeploymentPostprocessing = 0;
		};
/* End PBXResourcesBuildPhase section */

/* Begin PBXSourcesBuildPhase section */
		A19EC8291E9347D50076DE68 /* Sources */ = {
			isa = PBXSourcesBuildPhase;
			buildActionMask = 2147483647;
			files = (
				A19EC8461E934C4E0076DE68 /* SampleInteractor.swift in Sources */,
				A19EC8491E9359330076DE68 /* Configurations.swift in Sources */,
				A19EC8331E9347D50076DE68 /* ViewController.swift in Sources */,
				A19EC8441E9347ED0076DE68 /* Configurator.swift in Sources */,
				A19EC8311E9347D50076DE68 /* AppDelegate.swift in Sources */,
			);
			runOnlyForDeploymentPostprocessing = 0;
		};
/* End PBXSourcesBuildPhase section */

/* Begin PBXVariantGroup section */
		A19EC8341E9347D50076DE68 /* Main.storyboard */ = {
			isa = PBXVariantGroup;
			children = (
				A19EC8351E9347D50076DE68 /* Base */,
			);
			name = Main.storyboard;
			sourceTree = "<group>";
		};
		A19EC8391E9347D50076DE68 /* LaunchScreen.storyboard */ = {
			isa = PBXVariantGroup;
			children = (
				A19EC83A1E9347D50076DE68 /* Base */,
			);
			name = LaunchScreen.storyboard;
			sourceTree = "<group>";
		};
/* End PBXVariantGroup section */

/* Begin XCBuildConfiguration section */
		A19EC83D1E9347D50076DE68 /* Debug */ = {
			isa = XCBuildConfiguration;
			buildSettings = {
				ALWAYS_SEARCH_USER_PATHS = NO;
				CLANG_ANALYZER_NONNULL = YES;
				CLANG_ANALYZER_NUMBER_OBJECT_CONVERSION = YES_AGGRESSIVE;
				CLANG_CXX_LANGUAGE_STANDARD = "gnu++0x";
				CLANG_CXX_LIBRARY = "libc++";
				CLANG_ENABLE_MODULES = YES;
				CLANG_ENABLE_OBJC_ARC = YES;
				CLANG_WARN_BOOL_CONVERSION = YES;
				CLANG_WARN_CONSTANT_CONVERSION = YES;
				CLANG_WARN_DIRECT_OBJC_ISA_USAGE = YES_ERROR;
				CLANG_WARN_DOCUMENTATION_COMMENTS = YES;
				CLANG_WARN_EMPTY_BODY = YES;
				CLANG_WARN_ENUM_CONVERSION = YES;
				CLANG_WARN_INFINITE_RECURSION = YES;
				CLANG_WARN_INT_CONVERSION = YES;
				CLANG_WARN_OBJC_ROOT_CLASS = YES_ERROR;
				CLANG_WARN_SUSPICIOUS_MOVE = YES;
				CLANG_WARN_UNREACHABLE_CODE = YES;
				CLANG_WARN__DUPLICATE_METHOD_MATCH = YES;
				"CODE_SIGN_IDENTITY[sdk=iphoneos*]" = "iPhone Developer";
				COPY_PHASE_STRIP = NO;
				DEBUG_INFORMATION_FORMAT = dwarf;
				ENABLE_STRICT_OBJC_MSGSEND = YES;
				ENABLE_TESTABILITY = YES;
				GCC_C_LANGUAGE_STANDARD = gnu99;
				GCC_DYNAMIC_NO_PIC = NO;
				GCC_NO_COMMON_BLOCKS = YES;
				GCC_OPTIMIZATION_LEVEL = 0;
				GCC_PREPROCESSOR_DEFINITIONS = (
					"DEBUG=1",
					"$(inherited)",
				);
				GCC_WARN_64_TO_32_BIT_CONVERSION = YES;
				GCC_WARN_ABOUT_RETURN_TYPE = YES_ERROR;
				GCC_WARN_UNDECLARED_SELECTOR = YES;
				GCC_WARN_UNINITIALIZED_AUTOS = YES_AGGRESSIVE;
				GCC_WARN_UNUSED_FUNCTION = YES;
				GCC_WARN_UNUSED_VARIABLE = YES;
				IPHONEOS_DEPLOYMENT_TARGET = 10.3;
				MTL_ENABLE_DEBUG_INFO = YES;
				ONLY_ACTIVE_ARCH = YES;
				SDKROOT = iphoneos;
				SWIFT_ACTIVE_COMPILATION_CONDITIONS = DEBUG;
				SWIFT_OPTIMIZATION_LEVEL = "-Onone";
			};
			name = Debug;
		};
		A19EC83E1E9347D50076DE68 /* Release */ = {
			isa = XCBuildConfiguration;
			buildSettings = {
				ALWAYS_SEARCH_USER_PATHS = NO;
				CLANG_ANALYZER_NONNULL = YES;
				CLANG_ANALYZER_NUMBER_OBJECT_CONVERSION = YES_AGGRESSIVE;
				CLANG_CXX_LANGUAGE_STANDARD = "gnu++0x";
				CLANG_CXX_LIBRARY = "libc++";
				CLANG_ENABLE_MODULES = YES;
				CLANG_ENABLE_OBJC_ARC = YES;
				CLANG_WARN_BOOL_CONVERSION = YES;
				CLANG_WARN_CONSTANT_CONVERSION = YES;
				CLANG_WARN_DIRECT_OBJC_ISA_USAGE = YES_ERROR;
				CLANG_WARN_DOCUMENTATION_COMMENTS = YES;
				CLANG_WARN_EMPTY_BODY = YES;
				CLANG_WARN_ENUM_CONVERSION = YES;
				CLANG_WARN_INFINITE_RECURSION = YES;
				CLANG_WARN_INT_CONVERSION = YES;
				CLANG_WARN_OBJC_ROOT_CLASS = YES_ERROR;
				CLANG_WARN_SUSPICIOUS_MOVE = YES;
				CLANG_WARN_UNREACHABLE_CODE = YES;
				CLANG_WARN__DUPLICATE_METHOD_MATCH = YES;
				"CODE_SIGN_IDENTITY[sdk=iphoneos*]" = "iPhone Developer";
				COPY_PHASE_STRIP = NO;
				DEBUG_INFORMATION_FORMAT = "dwarf-with-dsym";
				ENABLE_NS_ASSERTIONS = NO;
				ENABLE_STRICT_OBJC_MSGSEND = YES;
				GCC_C_LANGUAGE_STANDARD = gnu99;
				GCC_NO_COMMON_BLOCKS = YES;
				GCC_WARN_64_TO_32_BIT_CONVERSION = YES;
				GCC_WARN_ABOUT_RETURN_TYPE = YES_ERROR;
				GCC_WARN_UNDECLARED_SELECTOR = YES;
				GCC_WARN_UNINITIALIZED_AUTOS = YES_AGGRESSIVE;
				GCC_WARN_UNUSED_FUNCTION = YES;
				GCC_WARN_UNUSED_VARIABLE = YES;
				IPHONEOS_DEPLOYMENT_TARGET = 10.3;
				MTL_ENABLE_DEBUG_INFO = NO;
				SDKROOT = iphoneos;
				SWIFT_OPTIMIZATION_LEVEL = "-Owholemodule";
				VALIDATE_PRODUCT = YES;
			};
			name = Release;
		};
		A19EC8401E9347D50076DE68 /* Debug */ = {
			isa = XCBuildConfiguration;
			buildSettings = {
				ASSETCATALOG_COMPILER_APPICON_NAME = AppIcon;
				DEVELOPMENT_TEAM = 77YZ9248DM;
				INFOPLIST_FILE = DISample/Info.plist;
				LD_RUNPATH_SEARCH_PATHS = "$(inherited) @executable_path/Frameworks";
				PRODUCT_BUNDLE_IDENTIFIER = com.iamchiwon.apps.DISample;
				PRODUCT_NAME = "$(TARGET_NAME)";
				SWIFT_VERSION = 3.0;
			};
			name = Debug;
		};
		A19EC8411E9347D50076DE68 /* Release */ = {
			isa = XCBuildConfiguration;
			buildSettings = {
				ASSETCATALOG_COMPILER_APPICON_NAME = AppIcon;
				DEVELOPMENT_TEAM = 77YZ9248DM;
				INFOPLIST_FILE = DISample/Info.plist;
				LD_RUNPATH_SEARCH_PATHS = "$(inherited) @executable_path/Frameworks";
				PRODUCT_BUNDLE_IDENTIFIER = com.iamchiwon.apps.DISample;
				PRODUCT_NAME = "$(TARGET_NAME)";
				SWIFT_VERSION = 3.0;
			};
			name = Release;
		};
/* End XCBuildConfiguration section */

/* Begin XCConfigurationList section */
		A19EC8281E9347D50076DE68 /* Build configuration list for PBXProject "DISample" */ = {
			isa = XCConfigurationList;
			buildConfigurations = (
				A19EC83D1E9347D50076DE68 /* Debug */,
				A19EC83E1E9347D50076DE68 /* Release */,
			);
			defaultConfigurationIsVisible = 0;
			defaultConfigurationName = Release;
		};
		A19EC83F1E9347D50076DE68 /* Build configuration list for PBXNativeTarget "DISample" */ = {
			isa = XCConfigurationList;
			buildConfigurations = (
				A19EC8401E9347D50076DE68 /* Debug */,
				A19EC8411E9347D50076DE68 /* Release */,
			);
			defaultConfigurationIsVisible = 0;
			defaultConfigurationName = Release;
		};
/* End XCConfigurationList section */
	};
	rootObject = A19EC8251E9347D50076DE68 /* Project object */;
}
